
Microsoft Visual Studio Solution File, Format Version 12.00
# Visual Studio Version 17
VisualStudioVersion = 17.3.32811.315
MinimumVisualStudioVersion = 10.0.40219.1
Project("{FAE04EC0-301F-11D3-BF4B-00C04F79EFBC}") = "EFCustomerLibrary", "EFCustomerLibrary\EFCustomerLibrary.csproj", "{4BFB7C01-0311-4474-82B3-C4A6FACB1730}"
EndProject
Project("{2150E333-8FDC-42A3-9474-1A3956D46DE8}") = "src", "src", "{9B68C397-127E-4DC2-BE2F-138BEA4C0936}"
EndProject
Project("{2150E333-8FDC-42A3-9474-1A3956D46DE8}") = "test", "test", "{E3E7B6B0-DB57-4042-A1A3-A279B1A89AAF}"
EndProject
Project("{9A19103F-16F7-4668-BE54-9A1E7A4F7556}") = "EFTests", "..\..\..\tests\EFTests\EFTests.csproj", "{F0BCB732-1AE8-4A65-BC97-043751263950}"
EndProject
Global
	GlobalSection(SolutionConfigurationPlatforms) = preSolution
		Debug|Any CPU = Debug|Any CPU
		Release|Any CPU = Release|Any CPU
	EndGlobalSection
	GlobalSection(ProjectConfigurationPlatforms) = postSolution
		{4BFB7C01-0311-4474-82B3-C4A6FACB1730}.Debug|Any CPU.ActiveCfg = Debug|Any CPU
		{4BFB7C01-0311-4474-82B3-C4A6FACB1730}.Debug|Any CPU.Build.0 = Debug|Any CPU
		{4BFB7C01-0311-4474-82B3-C4A6FACB1730}.Release|Any CPU.ActiveCfg = Release|Any CPU
		{4BFB7C01-0311-4474-82B3-C4A6FACB1730}.Release|Any CPU.Build.0 = Release|Any CPU
		{F0BCB732-1AE8-4A65-BC97-043751263950}.Debug|Any CPU.ActiveCfg = Debug|Any CPU
		{F0BCB732-1AE8-4A65-BC97-043751263950}.Debug|Any CPU.Build.0 = Debug|Any CPU
		{F0BCB732-1AE8-4A65-BC97-043751263950}.Release|Any CPU.ActiveCfg = Release|Any CPU
		{F0BCB732-1AE8-4A65-BC97-043751263950}.Release|Any CPU.Build.0 = Release|Any CPU
	EndGlobalSection
	GlobalSection(SolutionProperties) = preSolution
		HideSolutionNode = FALSE
	EndGlobalSection
	GlobalSection(NestedProjects) = preSolution
		{4BFB7C01-0311-4474-82B3-C4A6FACB1730} = {9B68C397-127E-4DC2-BE2F-138BEA4C0936}
		{F0BCB732-1AE8-4A65-BC97-043751263950} = {E3E7B6B0-DB57-4042-A1A3-A279B1A89AAF}
	EndGlobalSection
	GlobalSection(ExtensibilityGlobals) = postSolution
		SolutionGuid = {E57E0F70-08A4-43D4-8BEE-4BB01F7C04FE}
	EndGlobalSection
EndGlobal
